
Microsoft Visual Studio Solution File, Format Version 12.00
# Visual Studio Version 16
VisualStudioVersion = 16.0.29215.179
MinimumVisualStudioVersion = 10.0.40219.1
Project("{8BC9CEB8-8B4A-11D0-8D11-00A0C91BC942}") = "MonsterMash", "MonsterMash.vcxproj", "{7777F181-93CC-412D-95D2-AFBB9128E54E}"
EndProject
Global
	GlobalSection(SolutionConfigurationPlatforms) = preSolution
		Debug|x64 = Debug|x64
		Debug|x86 = Debug|x86
		Release|x64 = Release|x64
		Release|x86 = Release|x86
	EndGlobalSection
	GlobalSection(ProjectConfigurationPlatforms) = postSolution
		{7777F181-93CC-412D-95D2-AFBB9128E54E}.Debug|x64.ActiveCfg = Debug|x64
		{7777F181-93CC-412D-95D2-AFBB9128E54E}.Debug|x64.Build.0 = Debug|x64
		{7777F181-93CC-412D-95D2-AFBB9128E54E}.Debug|x86.ActiveCfg = Debug|Win32
		{7777F181-93CC-412D-95D2-AFBB9128E54E}.Debug|x86.Build.0 = Debug|Win32
		{7777F181-93CC-412D-95D2-AFBB9128E54E}.Release|x64.ActiveCfg = Release|x64
		{7777F181-93CC-412D-95D2-AFBB9128E54E}.Release|x64.Build.0 = Release|x64
		{7777F181-93CC-412D-95D2-AFBB9128E54E}.Release|x86.ActiveCfg = Release|Win32
		{7777F181-93CC-412D-95D2-AFBB9128E54E}.Release|x86.Build.0 = Release|Win32
	EndGlobalSection
	GlobalSection(SolutionProperties) = preSolution
		HideSolutionNode = FALSE
	EndGlobalSection
	GlobalSection(ExtensibilityGlobals) = postSolution
		SolutionGuid = {63943EF0-7BE1-4E36-AD0F-AF70929C9B34}
	EndGlobalSection
EndGlobal
